
Microsoft Visual Studio Solution File, Format Version 12.00
# Visual Studio Version 17
VisualStudioVersion = 17.9.34714.143
MinimumVisualStudioVersion = 10.0.40219.1
Project("{FAE04EC0-301F-11D3-BF4B-00C04F79EFBC}") = "batScript", "batScript.csproj", "{58FC906D-C188-4A47-B982-7D50DEC1FA83}"
EndProject
Global
	GlobalSection(SolutionConfigurationPlatforms) = preSolution
		Debug|Any CPU = Debug|Any CPU
		Release|Any CPU = Release|Any CPU
	EndGlobalSection
	GlobalSection(ProjectConfigurationPlatforms) = postSolution
		{58FC906D-C188-4A47-B982-7D50DEC1FA83}.Debug|Any CPU.ActiveCfg = Debug|Any CPU
		{58FC906D-C188-4A47-B982-7D50DEC1FA83}.Debug|Any CPU.Build.0 = Debug|Any CPU
		{58FC906D-C188-4A47-B982-7D50DEC1FA83}.Release|Any CPU.ActiveCfg = Release|Any CPU
		{58FC906D-C188-4A47-B982-7D50DEC1FA83}.Release|Any CPU.Build.0 = Release|Any CPU
	EndGlobalSection
	GlobalSection(SolutionProperties) = preSolution
		HideSolutionNode = FALSE
	EndGlobalSection
	GlobalSection(ExtensibilityGlobals) = postSolution
		SolutionGuid = {7F01E1B1-9D42-40CD-9639-E6432D84504E}
	EndGlobalSection
EndGlobal
